
Microsoft Visual Studio Solution File, Format Version 12.00
# Visual Studio Version 17
VisualStudioVersion = 17.9.34728.123
MinimumVisualStudioVersion = 10.0.40219.1
Project("{FAE04EC0-301F-11D3-BF4B-00C04F79EFBC}") = "EnggarTest", "EnggarTest\EnggarTest.csproj", "{2C4846C0-31B5-49A1-8EBC-3282DC7196C0}"
EndProject
Global
	GlobalSection(SolutionConfigurationPlatforms) = preSolution
		Debug|Any CPU = Debug|Any CPU
		Release|Any CPU = Release|Any CPU
	EndGlobalSection
	GlobalSection(ProjectConfigurationPlatforms) = postSolution
		{2C4846C0-31B5-49A1-8EBC-3282DC7196C0}.Debug|Any CPU.ActiveCfg = Debug|Any CPU
		{2C4846C0-31B5-49A1-8EBC-3282DC7196C0}.Debug|Any CPU.Build.0 = Debug|Any CPU
		{2C4846C0-31B5-49A1-8EBC-3282DC7196C0}.Release|Any CPU.ActiveCfg = Release|Any CPU
		{2C4846C0-31B5-49A1-8EBC-3282DC7196C0}.Release|Any CPU.Build.0 = Release|Any CPU
	EndGlobalSection
	GlobalSection(SolutionProperties) = preSolution
		HideSolutionNode = FALSE
	EndGlobalSection
	GlobalSection(ExtensibilityGlobals) = postSolution
		SolutionGuid = {5A18D4CA-3676-450D-A78D-D1881843DA0C}
	EndGlobalSection
EndGlobal
